
Microsoft Visual Studio Solution File, Format Version 12.00
# Visual Studio Version 16
VisualStudioVersion = 16.0.33214.272
MinimumVisualStudioVersion = 10.0.40219.1
Project("{FAE04EC0-301F-11D3-BF4B-00C04F79EFBC}") = "HelloWorld", "HelloWorld\HelloWorld.csproj", "{2E3FB7BE-7289-4F74-8D6B-58FE08A9C713}"
EndProject
Global
	GlobalSection(SolutionConfigurationPlatforms) = preSolution
		Debug|Any CPU = Debug|Any CPU
		Release|Any CPU = Release|Any CPU
	EndGlobalSection
	GlobalSection(ProjectConfigurationPlatforms) = postSolution
		{2E3FB7BE-7289-4F74-8D6B-58FE08A9C713}.Debug|Any CPU.ActiveCfg = Debug|Any CPU
		{2E3FB7BE-7289-4F74-8D6B-58FE08A9C713}.Debug|Any CPU.Build.0 = Debug|Any CPU
		{2E3FB7BE-7289-4F74-8D6B-58FE08A9C713}.Release|Any CPU.ActiveCfg = Release|Any CPU
		{2E3FB7BE-7289-4F74-8D6B-58FE08A9C713}.Release|Any CPU.Build.0 = Release|Any CPU
	EndGlobalSection
	GlobalSection(SolutionProperties) = preSolution
		HideSolutionNode = FALSE
	EndGlobalSection
	GlobalSection(ExtensibilityGlobals) = postSolution
		SolutionGuid = {94379F37-8D41-4A1C-932C-9098FF93DE9E}
	EndGlobalSection
EndGlobal
